{
  "version": 4,
  "terraform_version": "1.12.2",
  "serial": 6,
  "lineage": "9e3e7f47-c789-781b-0ecf-870ba7990271",
  "outputs": {},
  "resources": [
    {
      "mode": "data",
      "type": "terraform_remote_state",
      "name": "vpc",
      "provider": "provider[\"terraform.io/builtin/terraform\"]",
      "instances": [
        {
          "schema_version": 0,
          "attributes": {
            "backend": "local",
            "config": {
              "value": {
                "path": "../vpc/terraform.tfstate"
              },
              "type": [
                "object",
                {
                  "path": "string"
                }
              ]
            },
            "defaults": null,
            "outputs": {
              "value": {
                "private_subnet_ids": [
                  "subnet-029ff58cc900c3b59",
                  "subnet-01c0f0b1c2c59e338",
                  "subnet-0aeafbfc2fe918c1c"
                ],
                "public_subnet_ids": [
                  "subnet-01b737bd986107408",
                  "subnet-021b6a0b1318fd953",
                  "subnet-0f09c914d2a719805"
                ],
                "vpc_id": "vpc-0051a1d7143950495"
              },
              "type": [
                "object",
                {
                  "private_subnet_ids": [
                    "tuple",
                    [
                      "string",
                      "string",
                      "string"
                    ]
                  ],
                  "public_subnet_ids": [
                    "tuple",
                    [
                      "string",
                      "string",
                      "string"
                    ]
                  ],
                  "vpc_id": "string"
                }
              ]
            },
            "workspace": null
          },
          "sensitive_attributes": [],
          "identity_schema_version": 0
        }
      ]
    },
    {
      "module": "module.eks",
      "mode": "data",
      "type": "aws_iam_policy_document",
      "name": "eks_assume_role_policy",
      "provider": "provider[\"registry.terraform.io/hashicorp/aws\"]",
      "instances": [
        {
          "schema_version": 0,
          "attributes": {
            "id": "3552664922",
            "json": "{\n  \"Version\": \"2012-10-17\",\n  \"Statement\": [\n    {\n      \"Effect\": \"Allow\",\n      \"Action\": \"sts:AssumeRole\",\n      \"Principal\": {\n        \"Service\": \"eks.amazonaws.com\"\n      }\n    }\n  ]\n}",
            "minified_json": "{\"Version\":\"2012-10-17\",\"Statement\":[{\"Effect\":\"Allow\",\"Action\":\"sts:AssumeRole\",\"Principal\":{\"Service\":\"eks.amazonaws.com\"}}]}",
            "override_json": null,
            "override_policy_documents": null,
            "policy_id": null,
            "source_json": null,
            "source_policy_documents": null,
            "statement": [
              {
                "actions": [
                  "sts:AssumeRole"
                ],
                "condition": [],
                "effect": "Allow",
                "not_actions": [],
                "not_principals": [],
                "not_resources": [],
                "principals": [
                  {
                    "identifiers": [
                      "eks.amazonaws.com"
                    ],
                    "type": "Service"
                  }
                ],
                "resources": [],
                "sid": ""
              }
            ],
            "version": "2012-10-17"
          },
          "sensitive_attributes": [],
          "identity_schema_version": 0
        }
      ]
    },
    {
      "module": "module.eks",
      "mode": "data",
      "type": "aws_iam_policy_document",
      "name": "eks_node_assume_role_policy",
      "provider": "provider[\"registry.terraform.io/hashicorp/aws\"]",
      "instances": [
        {
          "schema_version": 0,
          "attributes": {
            "id": "2851119427",
            "json": "{\n  \"Version\": \"2012-10-17\",\n  \"Statement\": [\n    {\n      \"Effect\": \"Allow\",\n      \"Action\": \"sts:AssumeRole\",\n      \"Principal\": {\n        \"Service\": \"ec2.amazonaws.com\"\n      }\n    }\n  ]\n}",
            "minified_json": "{\"Version\":\"2012-10-17\",\"Statement\":[{\"Effect\":\"Allow\",\"Action\":\"sts:AssumeRole\",\"Principal\":{\"Service\":\"ec2.amazonaws.com\"}}]}",
            "override_json": null,
            "override_policy_documents": null,
            "policy_id": null,
            "source_json": null,
            "source_policy_documents": null,
            "statement": [
              {
                "actions": [
                  "sts:AssumeRole"
                ],
                "condition": [],
                "effect": "Allow",
                "not_actions": [],
                "not_principals": [],
                "not_resources": [],
                "principals": [
                  {
                    "identifiers": [
                      "ec2.amazonaws.com"
                    ],
                    "type": "Service"
                  }
                ],
                "resources": [],
                "sid": ""
              }
            ],
            "version": "2012-10-17"
          },
          "sensitive_attributes": [],
          "identity_schema_version": 0
        }
      ]
    },
    {
      "module": "module.eks",
      "mode": "managed",
      "type": "aws_eks_cluster",
      "name": "this",
      "provider": "provider[\"registry.terraform.io/hashicorp/aws\"]",
      "instances": [
        {
          "schema_version": 1,
          "attributes": {
            "access_config": [
              {
                "authentication_mode": "CONFIG_MAP",
                "bootstrap_cluster_creator_admin_permissions": true
              }
            ],
            "arn": "arn:aws:eks:ap-south-1:497836541334:cluster/tracemypods",
            "bootstrap_self_managed_addons": true,
            "certificate_authority": [
              {
                "data": "LS0tLS1CRUdJTiBDRVJUSUZJQ0FURS0tLS0tCk1JSURCVENDQWUyZ0F3SUJBZ0lJSFVFOW5jT0ovdTh3RFFZSktvWklodmNOQVFFTEJRQXdGVEVUTUJFR0ExVUUKQXhNS2EzVmlaWEp1WlhSbGN6QWVGdzB5TlRBNE1UVXlNRFV5TURSYUZ3MHpOVEE0TVRNeU1EVTNNRFJhTUJVeApFekFSQmdOVkJBTVRDbXQxWW1WeWJtVjBaWE13Z2dFaU1BMEdDU3FHU0liM0RRRUJBUVVBQTRJQkR3QXdnZ0VLCkFvSUJBUURnTjVrWko1cEprRVZINFhlWkdtei90a0pGNmgreXBxbW9OMWNhM2JsMHRpL3JuUjhaVXVvaFk5Ym4KL1RCRzBDcUFkbTl6NGtZcWhQanpXUHUxL25KMXZoWlF2WDRGeHNHWUl3L0dVV3VRSmhaeER4bjdWbmRJdW1PegpzMmh4SE9kYnhGYjVTUW9yT0JuM2VaREl0aHRFblM5dFphbDFZNnM2cVcyRnpWbEkzSVVjN0VsaVovMnRCb0tkCmQ0QmsvY09JblpzazJaeCsvWkJwNyt0dmJwUFZwUWIxeDQzcmNnblFxc21tTitreW84a1gvUmJzQWZBWmUrbW0Kai83U202aW9YZHZMR3J6NkcvTmlEdjEwS0FpcVRsbGFRbXk1N0txMDBsOWRtNVpzUFp4VURIWHhOYURxbGI3bgo3dWRTZFhvYkdnemdFKzdRb2V5bTU4ZFl4UFBOQWdNQkFBR2pXVEJYTUE0R0ExVWREd0VCL3dRRUF3SUNwREFQCkJnTlZIUk1CQWY4RUJUQURBUUgvTUIwR0ExVWREZ1FXQkJSTWV3VnVwYkhUeURtTEd2TEZ3ZEJ1K05OeVVqQVYKQmdOVkhSRUVEakFNZ2dwcmRXSmxjbTVsZEdWek1BMEdDU3FHU0liM0RRRUJDd1VBQTRJQkFRQkttUUhWaSswOQp1eTRaN3ZJdEpKb2ozY3hJbnd5MGNPS0doZU5MOWRnWUpiQXVUQms0aldhK3UxZkRrWWtYekFTMHpweGkyYnBqCitRT2g3RVBuT1NLSk9BTzYycnpBV25YWW9YKzI4ZURGYWtLbng2TzVwd2cxNlcvbXF6ekVkaE5DQVBRMEFaUUEKQjNPMzJrRXBUOEpxUE9wclh5T2tMV3JOaVZtaUhaNk54Y3dhdWdMay9LN2gvVDBuRTVpalcyUGp6ZHYzOENlaQorVjE0RE1zL1dLd29LT3hSVU5Rdm96S2dQUy83QldlUCt4M1lpa1hRWUZlZTdsWG44Z1NqRzNUeXUrMC8rVEhpCnNOdFVwaEZzazhVZmtSdlJKV1F0ZGRLUnRERDNGYzJZM0R4WWRFeUZhVFZYVjJLc2d6MGdNNVVRcllwU2FDNncKeGhXeUYyWmhZczJBCi0tLS0tRU5EIENFUlRJRklDQVRFLS0tLS0K"
              }
            ],
            "cluster_id": null,
            "compute_config": [],
            "created_at": "2025-08-15T20:52:22Z",
            "deletion_protection": false,
            "enabled_cluster_log_types": [],
            "encryption_config": [],
            "endpoint": "https://E9D76D7EF062EB68849D7846139120F4.yl4.ap-south-1.eks.amazonaws.com",
            "force_update_version": null,
            "id": "tracemypods",
            "identity": [
              {
                "oidc": [
                  {
                    "issuer": "https://oidc.eks.ap-south-1.amazonaws.com/id/E9D76D7EF062EB68849D7846139120F4"
                  }
                ]
              }
            ],
            "kubernetes_network_config": [
              {
                "elastic_load_balancing": [
                  {
                    "enabled": false
                  }
                ],
                "ip_family": "ipv4",
                "service_ipv4_cidr": "172.20.0.0/16",
                "service_ipv6_cidr": ""
              }
            ],
            "name": "tracemypods",
            "outpost_config": [],
            "platform_version": "eks.10",
            "region": "ap-south-1",
            "remote_network_config": [],
            "role_arn": "arn:aws:iam::497836541334:role/tracemypods-eks-cluster-role",
            "status": "ACTIVE",
            "storage_config": [],
            "tags": {
              "Environment": "dev",
              "Owner": "ahmadrazalab",
              "Project": "tracemypods"
            },
            "tags_all": {
              "Environment": "dev",
              "Owner": "ahmadrazalab",
              "Project": "tracemypods"
            },
            "timeouts": null,
            "upgrade_policy": [
              {
                "support_type": "EXTENDED"
              }
            ],
            "version": "1.33",
            "vpc_config": [
              {
                "cluster_security_group_id": "sg-0a7aeae05cc8c04b3",
                "endpoint_private_access": false,
                "endpoint_public_access": true,
                "public_access_cidrs": [
                  "0.0.0.0/0"
                ],
                "security_group_ids": [],
                "subnet_ids": [
                  "subnet-01c0f0b1c2c59e338",
                  "subnet-029ff58cc900c3b59",
                  "subnet-0aeafbfc2fe918c1c"
                ],
                "vpc_id": "vpc-0051a1d7143950495"
              }
            ],
            "zonal_shift_config": []
          },
          "sensitive_attributes": [],
          "identity_schema_version": 0,
          "private": "eyJlMmJmYjczMC1lY2FhLTExZTYtOGY4OC0zNDM2M2JjN2M0YzAiOnsiY3JlYXRlIjoxODAwMDAwMDAwMDAwLCJkZWxldGUiOjkwMDAwMDAwMDAwMCwidXBkYXRlIjozNjAwMDAwMDAwMDAwfSwic2NoZW1hX3ZlcnNpb24iOiIxIn0=",
          "dependencies": [
            "data.terraform_remote_state.vpc",
            "module.eks.aws_iam_role.eks_cluster",
            "module.eks.data.aws_iam_policy_document.eks_assume_role_policy"
          ]
        }
      ]
    },
    {
      "module": "module.eks",
      "mode": "managed",
      "type": "aws_eks_node_group",
      "name": "default",
      "provider": "provider[\"registry.terraform.io/hashicorp/aws\"]",
      "instances": [
        {
          "status": "tainted",
          "schema_version": 0,
          "attributes": {
            "ami_type": "AL2023_x86_64_STANDARD",
            "arn": "arn:aws:eks:ap-south-1:497836541334:nodegroup/tracemypods/tracemypods-default/14cc57c3-c04b-c664-ef79-c32cb63d0e5b",
            "capacity_type": "ON_DEMAND",
            "cluster_name": "tracemypods",
            "disk_size": 20,
            "force_update_version": null,
            "id": "tracemypods:tracemypods-default",
            "instance_types": [
              "t3.medium",
              "t3.large"
            ],
            "labels": {},
            "launch_template": [],
            "node_group_name": "tracemypods-default",
            "node_group_name_prefix": "",
            "node_repair_config": [],
            "node_role_arn": "arn:aws:iam::497836541334:role/tracemypods-eks-node-role",
            "region": "ap-south-1",
            "release_version": "1.33.3-20250813",
            "remote_access": [],
            "resources": [],
            "scaling_config": [
              {
                "desired_size": 2,
                "max_size": 3,
                "min_size": 1
              }
            ],
            "status": "CREATING",
            "subnet_ids": [
              "subnet-01c0f0b1c2c59e338",
              "subnet-029ff58cc900c3b59",
              "subnet-0aeafbfc2fe918c1c"
            ],
            "tags": {
              "Environment": "dev",
              "Owner": "ahmadrazalab",
              "Project": "tracemypods"
            },
            "tags_all": {
              "Environment": "dev",
              "Owner": "ahmadrazalab",
              "Project": "tracemypods"
            },
            "taint": [],
            "timeouts": null,
            "update_config": [
              {
                "max_unavailable": 1,
                "max_unavailable_percentage": 0
              }
            ],
            "version": "1.33"
          },
          "sensitive_attributes": [],
          "identity_schema_version": 0,
          "private": "eyJlMmJmYjczMC1lY2FhLTExZTYtOGY4OC0zNDM2M2JjN2M0YzAiOnsiY3JlYXRlIjozNjAwMDAwMDAwMDAwLCJkZWxldGUiOjM2MDAwMDAwMDAwMDAsInVwZGF0ZSI6MzYwMDAwMDAwMDAwMH19",
          "dependencies": [
            "data.terraform_remote_state.vpc",
            "module.eks.aws_eks_cluster.this",
            "module.eks.aws_iam_role.eks_cluster",
            "module.eks.aws_iam_role.eks_node",
            "module.eks.data.aws_iam_policy_document.eks_assume_role_policy",
            "module.eks.data.aws_iam_policy_document.eks_node_assume_role_policy"
          ]
        }
      ]
    },
    {
      "module": "module.eks",
      "mode": "managed",
      "type": "aws_iam_role",
      "name": "eks_cluster",
      "provider": "provider[\"registry.terraform.io/hashicorp/aws\"]",
      "instances": [
        {
          "schema_version": 0,
          "attributes": {
            "arn": "arn:aws:iam::497836541334:role/tracemypods-eks-cluster-role",
            "assume_role_policy": "{\"Statement\":[{\"Action\":\"sts:AssumeRole\",\"Effect\":\"Allow\",\"Principal\":{\"Service\":\"eks.amazonaws.com\"}}],\"Version\":\"2012-10-17\"}",
            "create_date": "2025-08-15T20:52:17Z",
            "description": "",
            "force_detach_policies": false,
            "id": "tracemypods-eks-cluster-role",
            "inline_policy": [],
            "managed_policy_arns": [],
            "max_session_duration": 3600,
            "name": "tracemypods-eks-cluster-role",
            "name_prefix": "",
            "path": "/",
            "permissions_boundary": "",
            "tags": {},
            "tags_all": {},
            "unique_id": "AROAXH2K6YWLKLNHOM7XH"
          },
          "sensitive_attributes": [],
          "identity_schema_version": 0,
          "identity": {
            "account_id": "497836541334",
            "name": "tracemypods-eks-cluster-role"
          },
          "private": "bnVsbA==",
          "dependencies": [
            "module.eks.data.aws_iam_policy_document.eks_assume_role_policy"
          ]
        }
      ]
    },
    {
      "module": "module.eks",
      "mode": "managed",
      "type": "aws_iam_role",
      "name": "eks_node",
      "provider": "provider[\"registry.terraform.io/hashicorp/aws\"]",
      "instances": [
        {
          "schema_version": 0,
          "attributes": {
            "arn": "arn:aws:iam::497836541334:role/tracemypods-eks-node-role",
            "assume_role_policy": "{\"Statement\":[{\"Action\":\"sts:AssumeRole\",\"Effect\":\"Allow\",\"Principal\":{\"Service\":\"ec2.amazonaws.com\"}}],\"Version\":\"2012-10-17\"}",
            "create_date": "2025-08-15T20:52:17Z",
            "description": "",
            "force_detach_policies": false,
            "id": "tracemypods-eks-node-role",
            "inline_policy": [],
            "managed_policy_arns": [],
            "max_session_duration": 3600,
            "name": "tracemypods-eks-node-role",
            "name_prefix": "",
            "path": "/",
            "permissions_boundary": "",
            "tags": {},
            "tags_all": {},
            "unique_id": "AROAXH2K6YWLK2UNX5CO7"
          },
          "sensitive_attributes": [],
          "identity_schema_version": 0,
          "identity": {
            "account_id": "497836541334",
            "name": "tracemypods-eks-node-role"
          },
          "private": "bnVsbA==",
          "dependencies": [
            "module.eks.data.aws_iam_policy_document.eks_node_assume_role_policy"
          ]
        }
      ]
    }
  ],
  "check_results": null
}
